
Microsoft Visual Studio Solution File, Format Version 12.00
# Visual Studio 15
VisualStudioVersion = 15.0.28307.421
MinimumVisualStudioVersion = 10.0.40219.1
Project("{FAE04EC0-301F-11D3-BF4B-00C04F79EFBC}") = "BloodBank", "BloodBank\BloodBank.csproj", "{A32CB22E-C7FB-4904-8C94-F497BF95F485}"
EndProject
Global
	GlobalSection(SolutionConfigurationPlatforms) = preSolution
		Debug|Any CPU = Debug|Any CPU
		Release|Any CPU = Release|Any CPU
	EndGlobalSection
	GlobalSection(ProjectConfigurationPlatforms) = postSolution
		{A32CB22E-C7FB-4904-8C94-F497BF95F485}.Debug|Any CPU.ActiveCfg = Debug|Any CPU
		{A32CB22E-C7FB-4904-8C94-F497BF95F485}.Debug|Any CPU.Build.0 = Debug|Any CPU
		{A32CB22E-C7FB-4904-8C94-F497BF95F485}.Release|Any CPU.ActiveCfg = Release|Any CPU
		{A32CB22E-C7FB-4904-8C94-F497BF95F485}.Release|Any CPU.Build.0 = Release|Any CPU
	EndGlobalSection
	GlobalSection(SolutionProperties) = preSolution
		HideSolutionNode = FALSE
	EndGlobalSection
	GlobalSection(ExtensibilityGlobals) = postSolution
		SolutionGuid = {343BF6A0-3C31-47B3-9180-B7450FA1A3DD}
	EndGlobalSection
EndGlobal
